{
  "name": "wmini-testtask",
  "version": "1.0.0",
  "lockfileVersion": 3,
  "requires": true,
  "packages": {
    "": {
      "name": "wmini-testtask",
      "version": "1.0.0",
      "dependencies": {
        "validator": "^13.9.0"
      },
      "devDependencies": {
        "@types/validator": "^13.7.16",
        "miniprogram-api-typings": "3.9.1"
      }
    },
    "node_modules/@types/validator": {
      "version": "13.7.16",
      "resolved": "https://registry.npmjs.org/@types/validator/-/validator-13.7.16.tgz",
      "integrity": "sha512-VyKmLktUHYLbrSbsRi241MSUlGYomQgK/tfCNpej3Gt5qDOM10AZ3nU2aR2s5JritClXuOBu4K7MkywVW/Y6Ow==",
      "dev": true
    },
    "node_modules/miniprogram-api-typings": {
      "version": "3.9.1",
      "resolved": "https://registry.npmjs.org/miniprogram-api-typings/-/miniprogram-api-typings-3.9.1.tgz",
      "integrity": "sha512-oyratzOWyuFhBzONp06l0FBPu03ltCd1sRWoy2v38SnAKxtpZ8ySLTSEw//hIsBdocMda7fFZEjOG57L57mcUw==",
      "dev": true
    },
    "node_modules/validator": {
      "version": "13.9.0",
      "resolved": "https://registry.npmjs.org/validator/-/validator-13.9.0.tgz",
      "integrity": "sha512-B+dGG8U3fdtM0/aNK4/X8CXq/EcxU2WPrPEkJGslb47qyHsxmbggTWK0yEA4qnYVNF+nxNlN88o14hIcPmSIEA==",
      "engines": {
        "node": ">= 0.10"
      }
    }
  }
}
